
Microsoft Visual Studio Solution File, Format Version 12.00
# Visual Studio Version 17
VisualStudioVersion = 17.8.34309.116
MinimumVisualStudioVersion = 10.0.40219.1
Project("{FAE04EC0-301F-11D3-BF4B-00C04F79EFBC}") = "Cilindrul_Jefferson", "Cilindrul_Jefferson\Cilindrul_Jefferson.csproj", "{990359FC-0D16-48AF-A1A5-E888D5798CCF}"
EndProject
Global
	GlobalSection(SolutionConfigurationPlatforms) = preSolution
		Debug|Any CPU = Debug|Any CPU
		Release|Any CPU = Release|Any CPU
	EndGlobalSection
	GlobalSection(ProjectConfigurationPlatforms) = postSolution
		{990359FC-0D16-48AF-A1A5-E888D5798CCF}.Debug|Any CPU.ActiveCfg = Debug|Any CPU
		{990359FC-0D16-48AF-A1A5-E888D5798CCF}.Debug|Any CPU.Build.0 = Debug|Any CPU
		{990359FC-0D16-48AF-A1A5-E888D5798CCF}.Release|Any CPU.ActiveCfg = Release|Any CPU
		{990359FC-0D16-48AF-A1A5-E888D5798CCF}.Release|Any CPU.Build.0 = Release|Any CPU
	EndGlobalSection
	GlobalSection(SolutionProperties) = preSolution
		HideSolutionNode = FALSE
	EndGlobalSection
	GlobalSection(ExtensibilityGlobals) = postSolution
		SolutionGuid = {DBC8ADD9-9341-45C9-8020-31FD64A76623}
	EndGlobalSection
EndGlobal
