
Microsoft Visual Studio Solution File, Format Version 12.00
# Visual Studio Version 17
VisualStudioVersion = 17.8.34309.116
MinimumVisualStudioVersion = 10.0.40219.1
Project("{FAE04EC0-301F-11D3-BF4B-00C04F79EFBC}") = "Criptografie_lab2", "Criptografie_lab2\Criptografie_lab2.csproj", "{1EF64E22-7899-4559-AB7A-1955D9B3A700}"
EndProject
Global
	GlobalSection(SolutionConfigurationPlatforms) = preSolution
		Debug|Any CPU = Debug|Any CPU
		Release|Any CPU = Release|Any CPU
	EndGlobalSection
	GlobalSection(ProjectConfigurationPlatforms) = postSolution
		{1EF64E22-7899-4559-AB7A-1955D9B3A700}.Debug|Any CPU.ActiveCfg = Debug|Any CPU
		{1EF64E22-7899-4559-AB7A-1955D9B3A700}.Debug|Any CPU.Build.0 = Debug|Any CPU
		{1EF64E22-7899-4559-AB7A-1955D9B3A700}.Release|Any CPU.ActiveCfg = Release|Any CPU
		{1EF64E22-7899-4559-AB7A-1955D9B3A700}.Release|Any CPU.Build.0 = Release|Any CPU
	EndGlobalSection
	GlobalSection(SolutionProperties) = preSolution
		HideSolutionNode = FALSE
	EndGlobalSection
	GlobalSection(ExtensibilityGlobals) = postSolution
		SolutionGuid = {647DDB1E-3517-4345-A6EF-1DE7D8D1089B}
	EndGlobalSection
EndGlobal
