
Microsoft Visual Studio Solution File, Format Version 12.00
# Visual Studio Version 17
VisualStudioVersion = 17.8.34309.116
MinimumVisualStudioVersion = 10.0.40219.1
Project("{9A19103F-16F7-4668-BE54-9A1E7A4F7556}") = "Criptografie_Lab1", "Criptografie_Lab1\Criptografie_Lab1.csproj", "{6E018722-05DF-4556-A2B5-F0726553E8D8}"
EndProject
Project("{FAE04EC0-301F-11D3-BF4B-00C04F79EFBC}") = "Implementare_procedurala", "Implementare_procedurala\Implementare_procedurala.csproj", "{64A046DB-3093-4C03-88C3-5B838F2E5F08}"
EndProject
Global
	GlobalSection(SolutionConfigurationPlatforms) = preSolution
		Debug|Any CPU = Debug|Any CPU
		Release|Any CPU = Release|Any CPU
	EndGlobalSection
	GlobalSection(ProjectConfigurationPlatforms) = postSolution
		{6E018722-05DF-4556-A2B5-F0726553E8D8}.Debug|Any CPU.ActiveCfg = Debug|Any CPU
		{6E018722-05DF-4556-A2B5-F0726553E8D8}.Debug|Any CPU.Build.0 = Debug|Any CPU
		{6E018722-05DF-4556-A2B5-F0726553E8D8}.Release|Any CPU.ActiveCfg = Release|Any CPU
		{6E018722-05DF-4556-A2B5-F0726553E8D8}.Release|Any CPU.Build.0 = Release|Any CPU
		{64A046DB-3093-4C03-88C3-5B838F2E5F08}.Debug|Any CPU.ActiveCfg = Debug|Any CPU
		{64A046DB-3093-4C03-88C3-5B838F2E5F08}.Debug|Any CPU.Build.0 = Debug|Any CPU
		{64A046DB-3093-4C03-88C3-5B838F2E5F08}.Release|Any CPU.ActiveCfg = Release|Any CPU
		{64A046DB-3093-4C03-88C3-5B838F2E5F08}.Release|Any CPU.Build.0 = Release|Any CPU
	EndGlobalSection
	GlobalSection(SolutionProperties) = preSolution
		HideSolutionNode = FALSE
	EndGlobalSection
	GlobalSection(ExtensibilityGlobals) = postSolution
		SolutionGuid = {0E93325C-0DFE-45C7-A5C5-2B4628BC9F6C}
	EndGlobalSection
EndGlobal
